
Microsoft Visual Studio Solution File, Format Version 12.00
# Visual Studio Version 17
VisualStudioVersion = 17.3.32929.385
MinimumVisualStudioVersion = 10.0.40219.1
Project("{FAE04EC0-301F-11D3-BF4B-00C04F79EFBC}") = "Web_Api_Blogg", "Web_Api_Blogg\Web_Api_Blogg.csproj", "{ADEA0B40-A62D-4771-9A5C-3386CB879145}"
EndProject
Global
	GlobalSection(SolutionConfigurationPlatforms) = preSolution
		Debug|Any CPU = Debug|Any CPU
		Release|Any CPU = Release|Any CPU
	EndGlobalSection
	GlobalSection(ProjectConfigurationPlatforms) = postSolution
		{ADEA0B40-A62D-4771-9A5C-3386CB879145}.Debug|Any CPU.ActiveCfg = Debug|Any CPU
		{ADEA0B40-A62D-4771-9A5C-3386CB879145}.Debug|Any CPU.Build.0 = Debug|Any CPU
		{ADEA0B40-A62D-4771-9A5C-3386CB879145}.Release|Any CPU.ActiveCfg = Release|Any CPU
		{ADEA0B40-A62D-4771-9A5C-3386CB879145}.Release|Any CPU.Build.0 = Release|Any CPU
	EndGlobalSection
	GlobalSection(SolutionProperties) = preSolution
		HideSolutionNode = FALSE
	EndGlobalSection
	GlobalSection(ExtensibilityGlobals) = postSolution
		SolutionGuid = {7C7806E8-7D04-43A5-812D-20B8A0EA9FCE}
	EndGlobalSection
EndGlobal
